
Microsoft Visual Studio Solution File, Format Version 12.00
# Visual Studio Version 17
VisualStudioVersion = 17.8.34330.188
MinimumVisualStudioVersion = 10.0.40219.1
Project("{9A19103F-16F7-4668-BE54-9A1E7A4F7556}") = "00.Algorithm", "CSharp-Algorithm\00.Algorithm.csproj", "{6E022749-3B7B-4B11-A9C5-5E3DC0090A85}"
EndProject
Project("{9A19103F-16F7-4668-BE54-9A1E7A4F7556}") = "01.List", "01.List\01.List.csproj", "{662DFB44-BF52-4C48-B4CD-36B6A853FFCF}"
EndProject
Project("{9A19103F-16F7-4668-BE54-9A1E7A4F7556}") = "02.LinkedList", "02.LinkedList\02.LinkedList.csproj", "{BBD180BC-79C6-4A55-9A1B-F1AC07978A8C}"
EndProject
Project("{9A19103F-16F7-4668-BE54-9A1E7A4F7556}") = "03.Stack", "03.Stack\03.Stack.csproj", "{307F58D5-A799-4246-BA91-62634DADFB2C}"
EndProject
Project("{9A19103F-16F7-4668-BE54-9A1E7A4F7556}") = "04.Queue", "04.Queue\04.Queue.csproj", "{EC48FFA3-A04D-441A-B973-56564AD762F4}"
EndProject
Project("{9A19103F-16F7-4668-BE54-9A1E7A4F7556}") = "05.BinarySearchTree", "05.BinarySearchTree\05.BinarySearchTree.csproj", "{AD62D010-B8FB-436A-8E4A-6F5C08B87348}"
EndProject
Project("{9A19103F-16F7-4668-BE54-9A1E7A4F7556}") = "06.Heap", "06.Heap\06.Heap.csproj", "{DF9DD0AC-AD96-43E9-A4D9-D47852946788}"
EndProject
Project("{9A19103F-16F7-4668-BE54-9A1E7A4F7556}") = "07.Hashtable", "07. Hashtable\07.Hashtable.csproj", "{8AAD32AD-1176-4629-8419-A09F2AB7FBCB}"
EndProject
Project("{9A19103F-16F7-4668-BE54-9A1E7A4F7556}") = "08.DesignTechnique", "08.DesignTechnique\08.DesignTechnique.csproj", "{55F60D96-E8C5-4C0B-8290-8BEA9C8F73E8}"
EndProject
Project("{9A19103F-16F7-4668-BE54-9A1E7A4F7556}") = "09.Sotrting", "09.Sotrting\09.Sotrting.csproj", "{315A5365-29A4-47A6-A247-DA145AFA5B05}"
EndProject
Project("{FAE04EC0-301F-11D3-BF4B-00C04F79EFBC}") = "10.Search", "10.Search\10.Search.csproj", "{EFBDF413-9751-4E4E-B32F-5FBB74317B81}"
EndProject
Global
	GlobalSection(SolutionConfigurationPlatforms) = preSolution
		Debug|Any CPU = Debug|Any CPU
		Release|Any CPU = Release|Any CPU
	EndGlobalSection
	GlobalSection(ProjectConfigurationPlatforms) = postSolution
		{6E022749-3B7B-4B11-A9C5-5E3DC0090A85}.Debug|Any CPU.ActiveCfg = Debug|Any CPU
		{6E022749-3B7B-4B11-A9C5-5E3DC0090A85}.Debug|Any CPU.Build.0 = Debug|Any CPU
		{6E022749-3B7B-4B11-A9C5-5E3DC0090A85}.Release|Any CPU.ActiveCfg = Release|Any CPU
		{6E022749-3B7B-4B11-A9C5-5E3DC0090A85}.Release|Any CPU.Build.0 = Release|Any CPU
		{662DFB44-BF52-4C48-B4CD-36B6A853FFCF}.Debug|Any CPU.ActiveCfg = Debug|Any CPU
		{662DFB44-BF52-4C48-B4CD-36B6A853FFCF}.Debug|Any CPU.Build.0 = Debug|Any CPU
		{662DFB44-BF52-4C48-B4CD-36B6A853FFCF}.Release|Any CPU.ActiveCfg = Release|Any CPU
		{662DFB44-BF52-4C48-B4CD-36B6A853FFCF}.Release|Any CPU.Build.0 = Release|Any CPU
		{BBD180BC-79C6-4A55-9A1B-F1AC07978A8C}.Debug|Any CPU.ActiveCfg = Debug|Any CPU
		{BBD180BC-79C6-4A55-9A1B-F1AC07978A8C}.Debug|Any CPU.Build.0 = Debug|Any CPU
		{BBD180BC-79C6-4A55-9A1B-F1AC07978A8C}.Release|Any CPU.ActiveCfg = Release|Any CPU
		{BBD180BC-79C6-4A55-9A1B-F1AC07978A8C}.Release|Any CPU.Build.0 = Release|Any CPU
		{307F58D5-A799-4246-BA91-62634DADFB2C}.Debug|Any CPU.ActiveCfg = Debug|Any CPU
		{307F58D5-A799-4246-BA91-62634DADFB2C}.Debug|Any CPU.Build.0 = Debug|Any CPU
		{307F58D5-A799-4246-BA91-62634DADFB2C}.Release|Any CPU.ActiveCfg = Release|Any CPU
		{307F58D5-A799-4246-BA91-62634DADFB2C}.Release|Any CPU.Build.0 = Release|Any CPU
		{EC48FFA3-A04D-441A-B973-56564AD762F4}.Debug|Any CPU.ActiveCfg = Debug|Any CPU
		{EC48FFA3-A04D-441A-B973-56564AD762F4}.Debug|Any CPU.Build.0 = Debug|Any CPU
		{EC48FFA3-A04D-441A-B973-56564AD762F4}.Release|Any CPU.ActiveCfg = Release|Any CPU
		{EC48FFA3-A04D-441A-B973-56564AD762F4}.Release|Any CPU.Build.0 = Release|Any CPU
		{AD62D010-B8FB-436A-8E4A-6F5C08B87348}.Debug|Any CPU.ActiveCfg = Debug|Any CPU
		{AD62D010-B8FB-436A-8E4A-6F5C08B87348}.Debug|Any CPU.Build.0 = Debug|Any CPU
		{AD62D010-B8FB-436A-8E4A-6F5C08B87348}.Release|Any CPU.ActiveCfg = Release|Any CPU
		{AD62D010-B8FB-436A-8E4A-6F5C08B87348}.Release|Any CPU.Build.0 = Release|Any CPU
		{DF9DD0AC-AD96-43E9-A4D9-D47852946788}.Debug|Any CPU.ActiveCfg = Debug|Any CPU
		{DF9DD0AC-AD96-43E9-A4D9-D47852946788}.Debug|Any CPU.Build.0 = Debug|Any CPU
		{DF9DD0AC-AD96-43E9-A4D9-D47852946788}.Release|Any CPU.ActiveCfg = Release|Any CPU
		{DF9DD0AC-AD96-43E9-A4D9-D47852946788}.Release|Any CPU.Build.0 = Release|Any CPU
		{8AAD32AD-1176-4629-8419-A09F2AB7FBCB}.Debug|Any CPU.ActiveCfg = Debug|Any CPU
		{8AAD32AD-1176-4629-8419-A09F2AB7FBCB}.Debug|Any CPU.Build.0 = Debug|Any CPU
		{8AAD32AD-1176-4629-8419-A09F2AB7FBCB}.Release|Any CPU.ActiveCfg = Release|Any CPU
		{8AAD32AD-1176-4629-8419-A09F2AB7FBCB}.Release|Any CPU.Build.0 = Release|Any CPU
		{55F60D96-E8C5-4C0B-8290-8BEA9C8F73E8}.Debug|Any CPU.ActiveCfg = Debug|Any CPU
		{55F60D96-E8C5-4C0B-8290-8BEA9C8F73E8}.Debug|Any CPU.Build.0 = Debug|Any CPU
		{55F60D96-E8C5-4C0B-8290-8BEA9C8F73E8}.Release|Any CPU.ActiveCfg = Release|Any CPU
		{55F60D96-E8C5-4C0B-8290-8BEA9C8F73E8}.Release|Any CPU.Build.0 = Release|Any CPU
		{315A5365-29A4-47A6-A247-DA145AFA5B05}.Debug|Any CPU.ActiveCfg = Debug|Any CPU
		{315A5365-29A4-47A6-A247-DA145AFA5B05}.Debug|Any CPU.Build.0 = Debug|Any CPU
		{315A5365-29A4-47A6-A247-DA145AFA5B05}.Release|Any CPU.ActiveCfg = Release|Any CPU
		{315A5365-29A4-47A6-A247-DA145AFA5B05}.Release|Any CPU.Build.0 = Release|Any CPU
		{EFBDF413-9751-4E4E-B32F-5FBB74317B81}.Debug|Any CPU.ActiveCfg = Debug|Any CPU
		{EFBDF413-9751-4E4E-B32F-5FBB74317B81}.Debug|Any CPU.Build.0 = Debug|Any CPU
		{EFBDF413-9751-4E4E-B32F-5FBB74317B81}.Release|Any CPU.ActiveCfg = Release|Any CPU
		{EFBDF413-9751-4E4E-B32F-5FBB74317B81}.Release|Any CPU.Build.0 = Release|Any CPU
	EndGlobalSection
	GlobalSection(SolutionProperties) = preSolution
		HideSolutionNode = FALSE
	EndGlobalSection
	GlobalSection(ExtensibilityGlobals) = postSolution
		SolutionGuid = {8B54F844-6CE3-4A89-AF97-CE8AE09EB719}
	EndGlobalSection
EndGlobal
